// !$*UTF8*$!
{
	archiveVersion = 1;
	classes = {
	};
	objectVersion = 50;
	objects = {

/* Begin PBXBuildFile section */
		42EE73E7207AA25300C32E17 /* AppDelegate.swift in Sources */ = {isa = PBXBuildFile; fileRef = 42EE73E6207AA25300C32E17 /* AppDelegate.swift */; };
		42EE73F1207AA25400C32E17 /* Assets.xcassets in Resources */ = {isa = PBXBuildFile; fileRef = 42EE73F0207AA25400C32E17 /* Assets.xcassets */; };
		42EE73F4207AA25400C32E17 /* LaunchScreen.storyboard in Resources */ = {isa = PBXBuildFile; fileRef = 42EE73F2207AA25400C32E17 /* LaunchScreen.storyboard */; };
		42EE7400207BAE9800C32E17 /* FilterViewController.swift in Sources */ = {isa = PBXBuildFile; fileRef = 42EE73FF207BAE9800C32E17 /* FilterViewController.swift */; };
		42EE7402207BAEA100C32E17 /* FilterViewController.xib in Resources */ = {isa = PBXBuildFile; fileRef = 42EE7401207BAEA100C32E17 /* FilterViewController.xib */; };
		42EE7407207BB64100C32E17 /* ImageProvider.swift in Sources */ = {isa = PBXBuildFile; fileRef = 42EE7406207BB64100C32E17 /* ImageProvider.swift */; };
		42EE7409207BB70300C32E17 /* GalleryImageProvider.swift in Sources */ = {isa = PBXBuildFile; fileRef = 42EE7408207BB70300C32E17 /* GalleryImageProvider.swift */; };
		42EE740B207BB71300C32E17 /* CameraImageProvider.swift in Sources */ = {isa = PBXBuildFile; fileRef = 42EE740A207BB71300C32E17 /* CameraImageProvider.swift */; };
		C641B1E8207C8F36003C3C3D /* CoreImageFilter.swift in Sources */ = {isa = PBXBuildFile; fileRef = C641B1E7207C8F36003C3C3D /* CoreImageFilter.swift */; };
		C641B1EA207CCC94003C3C3D /* AsyncOperation.swift in Sources */ = {isa = PBXBuildFile; fileRef = C641B1E9207CCC94003C3C3D /* AsyncOperation.swift */; };
		C641B1ED207CCDC5003C3C3D /* ImageFilterOperation.swift in Sources */ = {isa = PBXBuildFile; fileRef = C641B1EC207CCDC5003C3C3D /* ImageFilterOperation.swift */; };
		C641B1EF207CD98B003C3C3D /* ImagesManager.swift in Sources */ = {isa = PBXBuildFile; fileRef = C641B1EE207CD98B003C3C3D /* ImagesManager.swift */; };
		C641B1F3207DA091003C3C3D /* Model.xcdatamodeld in Sources */ = {isa = PBXBuildFile; fileRef = C641B1F1207DA091003C3C3D /* Model.xcdatamodeld */; };
		C641B1F5207DA37B003C3C3D /* Filter+CoreImage.swift in Sources */ = {isa = PBXBuildFile; fileRef = C641B1F4207DA37B003C3C3D /* Filter+CoreImage.swift */; };
		C641B1F7207DAB1E003C3C3D /* DataBaseHelper.swift in Sources */ = {isa = PBXBuildFile; fileRef = C641B1F6207DAB1E003C3C3D /* DataBaseHelper.swift */; };
		C641B200207DFDBE003C3C3D /* ImageTableViewCell.xib in Resources */ = {isa = PBXBuildFile; fileRef = C641B1FF207DFDBE003C3C3D /* ImageTableViewCell.xib */; };
		C641B202207DFDD8003C3C3D /* FilterProgressTableViewCell.xib in Resources */ = {isa = PBXBuildFile; fileRef = C641B201207DFDD8003C3C3D /* FilterProgressTableViewCell.xib */; };
		C641B204207DFE24003C3C3D /* ImageTableViewCell.swift in Sources */ = {isa = PBXBuildFile; fileRef = C641B203207DFE24003C3C3D /* ImageTableViewCell.swift */; };
		C641B207207DFE98003C3C3D /* FilterProgressTableViewCell.swift in Sources */ = {isa = PBXBuildFile; fileRef = C641B206207DFE98003C3C3D /* FilterProgressTableViewCell.swift */; };
		C655E68A207C762000C25A9F /* LocalImageProvider.swift in Sources */ = {isa = PBXBuildFile; fileRef = C655E689207C762000C25A9F /* LocalImageProvider.swift */; };
/* End PBXBuildFile section */

/* Begin PBXFileReference section */
		42EE73E3207AA25300C32E17 /* mvPhotosApp.app */ = {isa = PBXFileReference; explicitFileType = wrapper.application; includeInIndex = 0; path = mvPhotosApp.app; sourceTree = BUILT_PRODUCTS_DIR; };
		42EE73E6207AA25300C32E17 /* AppDelegate.swift */ = {isa = PBXFileReference; lastKnownFileType = sourcecode.swift; path = AppDelegate.swift; sourceTree = "<group>"; };
		42EE73F0207AA25400C32E17 /* Assets.xcassets */ = {isa = PBXFileReference; lastKnownFileType = folder.assetcatalog; path = Assets.xcassets; sourceTree = "<group>"; };
		42EE73F3207AA25400C32E17 /* Base */ = {isa = PBXFileReference; lastKnownFileType = file.storyboard; name = Base; path = Base.lproj/LaunchScreen.storyboard; sourceTree = "<group>"; };
		42EE73F5207AA25400C32E17 /* Info.plist */ = {isa = PBXFileReference; lastKnownFileType = text.plist.xml; path = Info.plist; sourceTree = "<group>"; };
		42EE73FF207BAE9800C32E17 /* FilterViewController.swift */ = {isa = PBXFileReference; lastKnownFileType = sourcecode.swift; path = FilterViewController.swift; sourceTree = "<group>"; };
		42EE7401207BAEA100C32E17 /* FilterViewController.xib */ = {isa = PBXFileReference; lastKnownFileType = file.xib; path = FilterViewController.xib; sourceTree = "<group>"; };
		42EE7406207BB64100C32E17 /* ImageProvider.swift */ = {isa = PBXFileReference; lastKnownFileType = sourcecode.swift; path = ImageProvider.swift; sourceTree = "<group>"; };
		42EE7408207BB70300C32E17 /* GalleryImageProvider.swift */ = {isa = PBXFileReference; lastKnownFileType = sourcecode.swift; path = GalleryImageProvider.swift; sourceTree = "<group>"; };
		42EE740A207BB71300C32E17 /* CameraImageProvider.swift */ = {isa = PBXFileReference; lastKnownFileType = sourcecode.swift; path = CameraImageProvider.swift; sourceTree = "<group>"; };
		C641B1E7207C8F36003C3C3D /* CoreImageFilter.swift */ = {isa = PBXFileReference; lastKnownFileType = sourcecode.swift; path = CoreImageFilter.swift; sourceTree = "<group>"; };
		C641B1E9207CCC94003C3C3D /* AsyncOperation.swift */ = {isa = PBXFileReference; fileEncoding = 4; lastKnownFileType = sourcecode.swift; path = AsyncOperation.swift; sourceTree = "<group>"; };
		C641B1EC207CCDC5003C3C3D /* ImageFilterOperation.swift */ = {isa = PBXFileReference; lastKnownFileType = sourcecode.swift; path = ImageFilterOperation.swift; sourceTree = "<group>"; };
		C641B1EE207CD98B003C3C3D /* ImagesManager.swift */ = {isa = PBXFileReference; lastKnownFileType = sourcecode.swift; path = ImagesManager.swift; sourceTree = "<group>"; };
		C641B1F2207DA091003C3C3D /* Model.xcdatamodel */ = {isa = PBXFileReference; lastKnownFileType = wrapper.xcdatamodel; path = Model.xcdatamodel; sourceTree = "<group>"; };
		C641B1F4207DA37B003C3C3D /* Filter+CoreImage.swift */ = {isa = PBXFileReference; lastKnownFileType = sourcecode.swift; path = "Filter+CoreImage.swift"; sourceTree = "<group>"; };
		C641B1F6207DAB1E003C3C3D /* DataBaseHelper.swift */ = {isa = PBXFileReference; lastKnownFileType = sourcecode.swift; path = DataBaseHelper.swift; sourceTree = "<group>"; };
		C641B1FF207DFDBE003C3C3D /* ImageTableViewCell.xib */ = {isa = PBXFileReference; lastKnownFileType = file.xib; path = ImageTableViewCell.xib; sourceTree = "<group>"; };
		C641B201207DFDD8003C3C3D /* FilterProgressTableViewCell.xib */ = {isa = PBXFileReference; lastKnownFileType = file.xib; path = FilterProgressTableViewCell.xib; sourceTree = "<group>"; };
		C641B203207DFE24003C3C3D /* ImageTableViewCell.swift */ = {isa = PBXFileReference; lastKnownFileType = sourcecode.swift; path = ImageTableViewCell.swift; sourceTree = "<group>"; };
		C641B206207DFE98003C3C3D /* FilterProgressTableViewCell.swift */ = {isa = PBXFileReference; lastKnownFileType = sourcecode.swift; path = FilterProgressTableViewCell.swift; sourceTree = "<group>"; };
		C655E689207C762000C25A9F /* LocalImageProvider.swift */ = {isa = PBXFileReference; lastKnownFileType = sourcecode.swift; path = LocalImageProvider.swift; sourceTree = "<group>"; };
/* End PBXFileReference section */

/* Begin PBXFrameworksBuildPhase section */
		42EE73E0207AA25300C32E17 /* Frameworks */ = {
			isa = PBXFrameworksBuildPhase;
			buildActionMask = 2147483647;
			files = (
			);
			runOnlyForDeploymentPostprocessing = 0;
		};
/* End PBXFrameworksBuildPhase section */

/* Begin PBXGroup section */
		42EE73DA207AA25300C32E17 = {
			isa = PBXGroup;
			children = (
				42EE73E5207AA25300C32E17 /* mvPhotosApp */,
				42EE73E4207AA25300C32E17 /* Products */,
			);
			sourceTree = "<group>";
		};
		42EE73E4207AA25300C32E17 /* Products */ = {
			isa = PBXGroup;
			children = (
				42EE73E3207AA25300C32E17 /* mvPhotosApp.app */,
			);
			name = Products;
			sourceTree = "<group>";
		};
		42EE73E5207AA25300C32E17 /* mvPhotosApp */ = {
			isa = PBXGroup;
			children = (
				C641B1F8207DADE9003C3C3D /* ApplicationDelegate */,
				C641B1F0207DA067003C3C3D /* DataBase */,
				C641B1F9207DADEB003C3C3D /* Resources */,
				C641B1FA207DADF5003C3C3D /* StoryBoards */,
				C641B1FB207DAE1D003C3C3D /* Supporting Files */,
				42EE7404207BB61C00C32E17 /* Utils */,
				42EE73FD207BAE6300C32E17 /* ViewControllers */,
			);
			path = mvPhotosApp;
			sourceTree = "<group>";
		};
		42EE73FD207BAE6300C32E17 /* ViewControllers */ = {
			isa = PBXGroup;
			children = (
				42EE73FE207BAE7400C32E17 /* FilterViewController */,
			);
			path = ViewControllers;
			sourceTree = "<group>";
		};
		42EE73FE207BAE7400C32E17 /* FilterViewController */ = {
			isa = PBXGroup;
			children = (
				42EE73FF207BAE9800C32E17 /* FilterViewController.swift */,
				42EE7401207BAEA100C32E17 /* FilterViewController.xib */,
			);
			path = FilterViewController;
			sourceTree = "<group>";
		};
		42EE7404207BB61C00C32E17 /* Utils */ = {
			isa = PBXGroup;
			children = (
				C641B1E6207C8E9F003C3C3D /* ImagesManager */,
				42EE7405207BB62D00C32E17 /* ImageProviders */,
			);
			path = Utils;
			sourceTree = "<group>";
		};
		42EE7405207BB62D00C32E17 /* ImageProviders */ = {
			isa = PBXGroup;
			children = (
				42EE7406207BB64100C32E17 /* ImageProvider.swift */,
				42EE7408207BB70300C32E17 /* GalleryImageProvider.swift */,
				42EE740A207BB71300C32E17 /* CameraImageProvider.swift */,
				C655E689207C762000C25A9F /* LocalImageProvider.swift */,
			);
			path = ImageProviders;
			sourceTree = "<group>";
		};
		C641B1E6207C8E9F003C3C3D /* ImagesManager */ = {
			isa = PBXGroup;
			children = (
				C641B1FE207DFD97003C3C3D /* Cells */,
				C641B1EE207CD98B003C3C3D /* ImagesManager.swift */,
				C641B1E7207C8F36003C3C3D /* CoreImageFilter.swift */,
				C641B1EB207CCDA8003C3C3D /* Operations */,
			);
			path = ImagesManager;
			sourceTree = "<group>";
		};
		C641B1EB207CCDA8003C3C3D /* Operations */ = {
			isa = PBXGroup;
			children = (
				C641B1E9207CCC94003C3C3D /* AsyncOperation.swift */,
				C641B1EC207CCDC5003C3C3D /* ImageFilterOperation.swift */,
			);
			path = Operations;
			sourceTree = "<group>";
		};
		C641B1F0207DA067003C3C3D /* DataBase */ = {
			isa = PBXGroup;
			children = (
				C641B1FD207DAE6E003C3C3D /* Entities */,
				C641B1F1207DA091003C3C3D /* Model.xcdatamodeld */,
				C641B1F6207DAB1E003C3C3D /* DataBaseHelper.swift */,
			);
			path = DataBase;
			sourceTree = "<group>";
		};
		C641B1F8207DADE9003C3C3D /* ApplicationDelegate */ = {
			isa = PBXGroup;
			children = (
				42EE73E6207AA25300C32E17 /* AppDelegate.swift */,
			);
			path = ApplicationDelegate;
			sourceTree = "<group>";
		};
		C641B1F9207DADEB003C3C3D /* Resources */ = {
			isa = PBXGroup;
			children = (
				42EE73F0207AA25400C32E17 /* Assets.xcassets */,
			);
			path = Resources;
			sourceTree = "<group>";
		};
		C641B1FA207DADF5003C3C3D /* StoryBoards */ = {
			isa = PBXGroup;
			children = (
				42EE73F2207AA25400C32E17 /* LaunchScreen.storyboard */,
			);
			path = StoryBoards;
			sourceTree = "<group>";
		};
		C641B1FB207DAE1D003C3C3D /* Supporting Files */ = {
			isa = PBXGroup;
			children = (
				42EE73F5207AA25400C32E17 /* Info.plist */,
			);
			path = "Supporting Files";
			sourceTree = "<group>";
		};
		C641B1FC207DAE62003C3C3D /* Filter */ = {
			isa = PBXGroup;
			children = (
				C641B1F4207DA37B003C3C3D /* Filter+CoreImage.swift */,
			);
			path = Filter;
			sourceTree = "<group>";
		};
		C641B1FD207DAE6E003C3C3D /* Entities */ = {
			isa = PBXGroup;
			children = (
				C641B1FC207DAE62003C3C3D /* Filter */,
			);
			path = Entities;
			sourceTree = "<group>";
		};
		C641B1FE207DFD97003C3C3D /* Cells */ = {
			isa = PBXGroup;
			children = (
				C641B205207DFE84003C3C3D /* ImageTableViewCell */,
				C641B208207DFEA1003C3C3D /* FilterProgressTableViewCell */,
			);
			path = Cells;
			sourceTree = "<group>";
		};
		C641B205207DFE84003C3C3D /* ImageTableViewCell */ = {
			isa = PBXGroup;
			children = (
				C641B203207DFE24003C3C3D /* ImageTableViewCell.swift */,
				C641B1FF207DFDBE003C3C3D /* ImageTableViewCell.xib */,
			);
			path = ImageTableViewCell;
			sourceTree = "<group>";
		};
		C641B208207DFEA1003C3C3D /* FilterProgressTableViewCell */ = {
			isa = PBXGroup;
			children = (
				C641B206207DFE98003C3C3D /* FilterProgressTableViewCell.swift */,
				C641B201207DFDD8003C3C3D /* FilterProgressTableViewCell.xib */,
			);
			path = FilterProgressTableViewCell;
			sourceTree = "<group>";
		};
/* End PBXGroup section */

/* Begin PBXNativeTarget section */
		42EE73E2207AA25300C32E17 /* mvPhotosApp */ = {
			isa = PBXNativeTarget;
			buildConfigurationList = 42EE73F8207AA25400C32E17 /* Build configuration list for PBXNativeTarget "mvPhotosApp" */;
			buildPhases = (
				42EE73DF207AA25300C32E17 /* Sources */,
				42EE73E0207AA25300C32E17 /* Frameworks */,
				42EE73E1207AA25300C32E17 /* Resources */,
			);
			buildRules = (
			);
			dependencies = (
			);
			name = mvPhotosApp;
			productName = mvPhotosApp;
			productReference = 42EE73E3207AA25300C32E17 /* mvPhotosApp.app */;
			productType = "com.apple.product-type.application";
		};
/* End PBXNativeTarget section */

/* Begin PBXProject section */
		42EE73DB207AA25300C32E17 /* Project object */ = {
			isa = PBXProject;
			attributes = {
				LastSwiftUpdateCheck = 0930;
				LastUpgradeCheck = 0930;
				ORGANIZATIONNAME = "Mikhail Kirillov";
				TargetAttributes = {
					42EE73E2207AA25300C32E17 = {
						CreatedOnToolsVersion = 9.3;
					};
				};
			};
			buildConfigurationList = 42EE73DE207AA25300C32E17 /* Build configuration list for PBXProject "mvPhotosApp" */;
			compatibilityVersion = "Xcode 9.3";
			developmentRegion = en;
			hasScannedForEncodings = 0;
			knownRegions = (
				en,
				Base,
			);
			mainGroup = 42EE73DA207AA25300C32E17;
			productRefGroup = 42EE73E4207AA25300C32E17 /* Products */;
			projectDirPath = "";
			projectRoot = "";
			targets = (
				42EE73E2207AA25300C32E17 /* mvPhotosApp */,
			);
		};
/* End PBXProject section */

/* Begin PBXResourcesBuildPhase section */
		42EE73E1207AA25300C32E17 /* Resources */ = {
			isa = PBXResourcesBuildPhase;
			buildActionMask = 2147483647;
			files = (
				42EE73F4207AA25400C32E17 /* LaunchScreen.storyboard in Resources */,
				C641B200207DFDBE003C3C3D /* ImageTableViewCell.xib in Resources */,
				C641B202207DFDD8003C3C3D /* FilterProgressTableViewCell.xib in Resources */,
				42EE7402207BAEA100C32E17 /* FilterViewController.xib in Resources */,
				42EE73F1207AA25400C32E17 /* Assets.xcassets in Resources */,
			);
			runOnlyForDeploymentPostprocessing = 0;
		};
/* End PBXResourcesBuildPhase section */

/* Begin PBXSourcesBuildPhase section */
		42EE73DF207AA25300C32E17 /* Sources */ = {
			isa = PBXSourcesBuildPhase;
			buildActionMask = 2147483647;
			files = (
				C641B1ED207CCDC5003C3C3D /* ImageFilterOperation.swift in Sources */,
				42EE7400207BAE9800C32E17 /* FilterViewController.swift in Sources */,
				C641B1F5207DA37B003C3C3D /* Filter+CoreImage.swift in Sources */,
				C641B1F7207DAB1E003C3C3D /* DataBaseHelper.swift in Sources */,
				42EE73E7207AA25300C32E17 /* AppDelegate.swift in Sources */,
				C655E68A207C762000C25A9F /* LocalImageProvider.swift in Sources */,
				42EE740B207BB71300C32E17 /* CameraImageProvider.swift in Sources */,
				C641B204207DFE24003C3C3D /* ImageTableViewCell.swift in Sources */,
				C641B1E8207C8F36003C3C3D /* CoreImageFilter.swift in Sources */,
				C641B1EF207CD98B003C3C3D /* ImagesManager.swift in Sources */,
				42EE7407207BB64100C32E17 /* ImageProvider.swift in Sources */,
				C641B1EA207CCC94003C3C3D /* AsyncOperation.swift in Sources */,
				C641B1F3207DA091003C3C3D /* Model.xcdatamodeld in Sources */,
				C641B207207DFE98003C3C3D /* FilterProgressTableViewCell.swift in Sources */,
				42EE7409207BB70300C32E17 /* GalleryImageProvider.swift in Sources */,
			);
			runOnlyForDeploymentPostprocessing = 0;
		};
/* End PBXSourcesBuildPhase section */

/* Begin PBXVariantGroup section */
		42EE73F2207AA25400C32E17 /* LaunchScreen.storyboard */ = {
			isa = PBXVariantGroup;
			children = (
				42EE73F3207AA25400C32E17 /* Base */,
			);
			name = LaunchScreen.storyboard;
			sourceTree = "<group>";
		};
/* End PBXVariantGroup section */

/* Begin XCBuildConfiguration section */
		42EE73F6207AA25400C32E17 /* Debug */ = {
			isa = XCBuildConfiguration;
			buildSettings = {
				ALWAYS_SEARCH_USER_PATHS = NO;
				CLANG_ANALYZER_NONNULL = YES;
				CLANG_ANALYZER_NUMBER_OBJECT_CONVERSION = YES_AGGRESSIVE;
				CLANG_CXX_LANGUAGE_STANDARD = "gnu++14";
				CLANG_CXX_LIBRARY = "libc++";
				CLANG_ENABLE_MODULES = YES;
				CLANG_ENABLE_OBJC_ARC = YES;
				CLANG_ENABLE_OBJC_WEAK = YES;
				CLANG_WARN_BLOCK_CAPTURE_AUTORELEASING = YES;
				CLANG_WARN_BOOL_CONVERSION = YES;
				CLANG_WARN_COMMA = YES;
				CLANG_WARN_CONSTANT_CONVERSION = YES;
				CLANG_WARN_DEPRECATED_OBJC_IMPLEMENTATIONS = YES;
				CLANG_WARN_DIRECT_OBJC_ISA_USAGE = YES_ERROR;
				CLANG_WARN_DOCUMENTATION_COMMENTS = YES;
				CLANG_WARN_EMPTY_BODY = YES;
				CLANG_WARN_ENUM_CONVERSION = YES;
				CLANG_WARN_INFINITE_RECURSION = YES;
				CLANG_WARN_INT_CONVERSION = YES;
				CLANG_WARN_NON_LITERAL_NULL_CONVERSION = YES;
				CLANG_WARN_OBJC_IMPLICIT_RETAIN_SELF = YES;
				CLANG_WARN_OBJC_LITERAL_CONVERSION = YES;
				CLANG_WARN_OBJC_ROOT_CLASS = YES_ERROR;
				CLANG_WARN_RANGE_LOOP_ANALYSIS = YES;
				CLANG_WARN_STRICT_PROTOTYPES = YES;
				CLANG_WARN_SUSPICIOUS_MOVE = YES;
				CLANG_WARN_UNGUARDED_AVAILABILITY = YES_AGGRESSIVE;
				CLANG_WARN_UNREACHABLE_CODE = YES;
				CLANG_WARN__DUPLICATE_METHOD_MATCH = YES;
				CODE_SIGN_IDENTITY = "iPhone Developer";
				COPY_PHASE_STRIP = NO;
				DEBUG_INFORMATION_FORMAT = dwarf;
				ENABLE_STRICT_OBJC_MSGSEND = YES;
				ENABLE_TESTABILITY = YES;
				GCC_C_LANGUAGE_STANDARD = gnu11;
				GCC_DYNAMIC_NO_PIC = NO;
				GCC_NO_COMMON_BLOCKS = YES;
				GCC_OPTIMIZATION_LEVEL = 0;
				GCC_PREPROCESSOR_DEFINITIONS = (
					"DEBUG=1",
					"$(inherited)",
				);
				GCC_WARN_64_TO_32_BIT_CONVERSION = YES;
				GCC_WARN_ABOUT_RETURN_TYPE = YES_ERROR;
				GCC_WARN_UNDECLARED_SELECTOR = YES;
				GCC_WARN_UNINITIALIZED_AUTOS = YES_AGGRESSIVE;
				GCC_WARN_UNUSED_FUNCTION = YES;
				GCC_WARN_UNUSED_VARIABLE = YES;
				IPHONEOS_DEPLOYMENT_TARGET = 9.0;
				MTL_ENABLE_DEBUG_INFO = YES;
				ONLY_ACTIVE_ARCH = YES;
				SDKROOT = iphoneos;
				SWIFT_ACTIVE_COMPILATION_CONDITIONS = DEBUG;
				SWIFT_OPTIMIZATION_LEVEL = "-Onone";
			};
			name = Debug;
		};
		42EE73F7207AA25400C32E17 /* Release */ = {
			isa = XCBuildConfiguration;
			buildSettings = {
				ALWAYS_SEARCH_USER_PATHS = NO;
				CLANG_ANALYZER_NONNULL = YES;
				CLANG_ANALYZER_NUMBER_OBJECT_CONVERSION = YES_AGGRESSIVE;
				CLANG_CXX_LANGUAGE_STANDARD = "gnu++14";
				CLANG_CXX_LIBRARY = "libc++";
				CLANG_ENABLE_MODULES = YES;
				CLANG_ENABLE_OBJC_ARC = YES;
				CLANG_ENABLE_OBJC_WEAK = YES;
				CLANG_WARN_BLOCK_CAPTURE_AUTORELEASING = YES;
				CLANG_WARN_BOOL_CONVERSION = YES;
				CLANG_WARN_COMMA = YES;
				CLANG_WARN_CONSTANT_CONVERSION = YES;
				CLANG_WARN_DEPRECATED_OBJC_IMPLEMENTATIONS = YES;
				CLANG_WARN_DIRECT_OBJC_ISA_USAGE = YES_ERROR;
				CLANG_WARN_DOCUMENTATION_COMMENTS = YES;
				CLANG_WARN_EMPTY_BODY = YES;
				CLANG_WARN_ENUM_CONVERSION = YES;
				CLANG_WARN_INFINITE_RECURSION = YES;
				CLANG_WARN_INT_CONVERSION = YES;
				CLANG_WARN_NON_LITERAL_NULL_CONVERSION = YES;
				CLANG_WARN_OBJC_IMPLICIT_RETAIN_SELF = YES;
				CLANG_WARN_OBJC_LITERAL_CONVERSION = YES;
				CLANG_WARN_OBJC_ROOT_CLASS = YES_ERROR;
				CLANG_WARN_RANGE_LOOP_ANALYSIS = YES;
				CLANG_WARN_STRICT_PROTOTYPES = YES;
				CLANG_WARN_SUSPICIOUS_MOVE = YES;
				CLANG_WARN_UNGUARDED_AVAILABILITY = YES_AGGRESSIVE;
				CLANG_WARN_UNREACHABLE_CODE = YES;
				CLANG_WARN__DUPLICATE_METHOD_MATCH = YES;
				CODE_SIGN_IDENTITY = "iPhone Developer";
				COPY_PHASE_STRIP = NO;
				DEBUG_INFORMATION_FORMAT = "dwarf-with-dsym";
				ENABLE_NS_ASSERTIONS = NO;
				ENABLE_STRICT_OBJC_MSGSEND = YES;
				GCC_C_LANGUAGE_STANDARD = gnu11;
				GCC_NO_COMMON_BLOCKS = YES;
				GCC_WARN_64_TO_32_BIT_CONVERSION = YES;
				GCC_WARN_ABOUT_RETURN_TYPE = YES_ERROR;
				GCC_WARN_UNDECLARED_SELECTOR = YES;
				GCC_WARN_UNINITIALIZED_AUTOS = YES_AGGRESSIVE;
				GCC_WARN_UNUSED_FUNCTION = YES;
				GCC_WARN_UNUSED_VARIABLE = YES;
				IPHONEOS_DEPLOYMENT_TARGET = 9.0;
				MTL_ENABLE_DEBUG_INFO = NO;
				SDKROOT = iphoneos;
				SWIFT_COMPILATION_MODE = wholemodule;
				SWIFT_OPTIMIZATION_LEVEL = "-O";
				VALIDATE_PRODUCT = YES;
			};
			name = Release;
		};
		42EE73F9207AA25400C32E17 /* Debug */ = {
			isa = XCBuildConfiguration;
			buildSettings = {
				ASSETCATALOG_COMPILER_APPICON_NAME = AppIcon;
				CODE_SIGN_STYLE = Automatic;
				DEVELOPMENT_TEAM = FQWPDVX8KC;
				INFOPLIST_FILE = "mvPhotosApp/Supporting Files/Info.plist";
				LD_RUNPATH_SEARCH_PATHS = (
					"$(inherited)",
					"@executable_path/Frameworks",
				);
				PRODUCT_BUNDLE_IDENTIFIER = com.myCompany.mvPhotosApp;
				PRODUCT_NAME = "$(TARGET_NAME)";
				SWIFT_VERSION = 4.0;
				TARGETED_DEVICE_FAMILY = "1,2";
			};
			name = Debug;
		};
		42EE73FA207AA25400C32E17 /* Release */ = {
			isa = XCBuildConfiguration;
			buildSettings = {
				ASSETCATALOG_COMPILER_APPICON_NAME = AppIcon;
				CODE_SIGN_STYLE = Automatic;
				DEVELOPMENT_TEAM = FQWPDVX8KC;
				INFOPLIST_FILE = "mvPhotosApp/Supporting Files/Info.plist";
				LD_RUNPATH_SEARCH_PATHS = (
					"$(inherited)",
					"@executable_path/Frameworks",
				);
				PRODUCT_BUNDLE_IDENTIFIER = com.myCompany.mvPhotosApp;
				PRODUCT_NAME = "$(TARGET_NAME)";
				SWIFT_VERSION = 4.0;
				TARGETED_DEVICE_FAMILY = "1,2";
			};
			name = Release;
		};
/* End XCBuildConfiguration section */

/* Begin XCConfigurationList section */
		42EE73DE207AA25300C32E17 /* Build configuration list for PBXProject "mvPhotosApp" */ = {
			isa = XCConfigurationList;
			buildConfigurations = (
				42EE73F6207AA25400C32E17 /* Debug */,
				42EE73F7207AA25400C32E17 /* Release */,
			);
			defaultConfigurationIsVisible = 0;
			defaultConfigurationName = Release;
		};
		42EE73F8207AA25400C32E17 /* Build configuration list for PBXNativeTarget "mvPhotosApp" */ = {
			isa = XCConfigurationList;
			buildConfigurations = (
				42EE73F9207AA25400C32E17 /* Debug */,
				42EE73FA207AA25400C32E17 /* Release */,
			);
			defaultConfigurationIsVisible = 0;
			defaultConfigurationName = Release;
		};
/* End XCConfigurationList section */

/* Begin XCVersionGroup section */
		C641B1F1207DA091003C3C3D /* Model.xcdatamodeld */ = {
			isa = XCVersionGroup;
			children = (
				C641B1F2207DA091003C3C3D /* Model.xcdatamodel */,
			);
			currentVersion = C641B1F2207DA091003C3C3D /* Model.xcdatamodel */;
			path = Model.xcdatamodeld;
			sourceTree = "<group>";
			versionGroupType = wrapper.xcdatamodel;
		};
/* End XCVersionGroup section */
	};
	rootObject = 42EE73DB207AA25300C32E17 /* Project object */;
}
